
Microsoft Visual Studio Solution File, Format Version 12.00
# Visual Studio Version 17
VisualStudioVersion = 17.9.34728.123
MinimumVisualStudioVersion = 10.0.40219.1
Project("{FAE04EC0-301F-11D3-BF4B-00C04F79EFBC}") = "dependency_Injection_service_lifetime", "dependency_Injection_service_lifetime\dependency_Injection_service_lifetime.csproj", "{68D9661A-1856-4742-AE79-789564CB48F6}"
EndProject
Global
	GlobalSection(SolutionConfigurationPlatforms) = preSolution
		Debug|Any CPU = Debug|Any CPU
		Release|Any CPU = Release|Any CPU
	EndGlobalSection
	GlobalSection(ProjectConfigurationPlatforms) = postSolution
		{68D9661A-1856-4742-AE79-789564CB48F6}.Debug|Any CPU.ActiveCfg = Debug|Any CPU
		{68D9661A-1856-4742-AE79-789564CB48F6}.Debug|Any CPU.Build.0 = Debug|Any CPU
		{68D9661A-1856-4742-AE79-789564CB48F6}.Release|Any CPU.ActiveCfg = Release|Any CPU
		{68D9661A-1856-4742-AE79-789564CB48F6}.Release|Any CPU.Build.0 = Release|Any CPU
	EndGlobalSection
	GlobalSection(SolutionProperties) = preSolution
		HideSolutionNode = FALSE
	EndGlobalSection
	GlobalSection(ExtensibilityGlobals) = postSolution
		SolutionGuid = {8EF53744-6B26-478C-AF12-8B3A21FA2BB6}
	EndGlobalSection
EndGlobal
